PODS:
  - RxAtomic (4.4.0)
  - RxBlocking (4.4.0):
    - RxAtomic (~> 4.4)
    - RxSwift (~> 4.0)
  - RxCocoa (4.4.0):
    - RxSwift (~> 4.0)
  - RxSwift (4.4.0):
    - RxAtomic (~> 4.4)
  - RxTest (4.4.0):
    - RxAtomic (~> 4.4)
    - RxSwift (~> 4.0)
  - SVProgressHUD (2.2.5)
  - SwiftGen (6.0.2)

DEPENDENCIES:
  - RxBlocking
  - RxCocoa
  - RxSwift
  - RxTest
  - SVProgressHUD
  - SwiftGen

SPEC REPOS:
  https://github.com/cocoapods/specs.git:
    - RxAtomic
    - RxBlocking
    - RxCocoa
    - RxSwift
    - RxTest
    - SVProgressHUD
    - SwiftGen

SPEC CHECKSUMS:
  RxAtomic: eacf60db868c96bfd63320e28619fe29c179656f
  RxBlocking: 138ad53217434444d6eeeb4fb406a45431d92e31
  RxCocoa: df63ebf7b9a70d6b4eeea407ed5dd4efc8979749
  RxSwift: 5976ecd04fc2fefd648827c23de5e11157faa973
  RxTest: 19d03286bdc0a3aaea5d61d4cde31fdf4bb8a5ba
  SVProgressHUD: 1428aafac632c1f86f62aa4243ec12008d7a51d6
  SwiftGen: e5b047067aa84082826a0c4f1c4c2ddc95bcf74c

PODFILE CHECKSUM: 1cc7a309be2cac45dbdf3fdb6b104dbd2a1808f9

COCOAPODS: 1.5.3
