// !$*UTF8*$!
{
	archiveVersion = 1;
	classes = {
	};
	objectVersion = 50;
	objects = {

/* Begin PBXBuildFile section */
		2B764F1B23B88A91BB42BC11 /* Pods_GraphQLClient_iOS.framework in Frameworks */ = {isa = PBXBuildFile; fileRef = 5274688722F4B5E709183362 /* Pods_GraphQLClient_iOS.framework */; };
		8435562B21CC40A2007A2DA2 /* FontFamily.swift in Sources */ = {isa = PBXBuildFile; fileRef = 8435562721CC40A2007A2DA2 /* FontFamily.swift */; };
		8435562C21CC40A2007A2DA2 /* Asset.swift in Sources */ = {isa = PBXBuildFile; fileRef = 8435562821CC40A2007A2DA2 /* Asset.swift */; };
		8435562D21CC40A2007A2DA2 /* Scene.swift in Sources */ = {isa = PBXBuildFile; fileRef = 8435562921CC40A2007A2DA2 /* Scene.swift */; };
		8435562E21CC40A2007A2DA2 /* Segue.swift in Sources */ = {isa = PBXBuildFile; fileRef = 8435562A21CC40A2007A2DA2 /* Segue.swift */; };
		8435E21E21CC243D00A73525 /* AppDelegate.swift in Sources */ = {isa = PBXBuildFile; fileRef = 8435E21D21CC243D00A73525 /* AppDelegate.swift */; };
		8435E22921CC244000A73525 /* Assets.xcassets in Resources */ = {isa = PBXBuildFile; fileRef = 8435E22821CC244000A73525 /* Assets.xcassets */; };
		8435E22C21CC244000A73525 /* LaunchScreen.storyboard in Resources */ = {isa = PBXBuildFile; fileRef = 8435E22A21CC244000A73525 /* LaunchScreen.storyboard */; };
		8435E23721CC244000A73525 /* GraphQLClient_iOSTests.swift in Sources */ = {isa = PBXBuildFile; fileRef = 8435E23621CC244000A73525 /* GraphQLClient_iOSTests.swift */; };
		8435E24821CC269100A73525 /* HomeViewController.storyboard in Resources */ = {isa = PBXBuildFile; fileRef = 8435E24721CC269100A73525 /* HomeViewController.storyboard */; };
		8435E24A21CC28EB00A73525 /* HomeViewController.swift in Sources */ = {isa = PBXBuildFile; fileRef = 8435E24321CC265200A73525 /* HomeViewController.swift */; };
		8435E24B21CC28EB00A73525 /* SetViewController.swift in Sources */ = {isa = PBXBuildFile; fileRef = 8435E24521CC266000A73525 /* SetViewController.swift */; };
		EBD8FD4A90AA5094E59CB160 /* Pods_GraphQLClient_iOSTests.framework in Frameworks */ = {isa = PBXBuildFile; fileRef = 95E738D9354A9404EAEC1255 /* Pods_GraphQLClient_iOSTests.framework */; };
/* End PBXBuildFile section */

/* Begin PBXContainerItemProxy section */
		8435E23321CC244000A73525 /* PBXContainerItemProxy */ = {
			isa = PBXContainerItemProxy;
			containerPortal = 8435E21221CC243D00A73525 /* Project object */;
			proxyType = 1;
			remoteGlobalIDString = 8435E21921CC243D00A73525;
			remoteInfo = "GraphQLClient-iOS";
		};
/* End PBXContainerItemProxy section */

/* Begin PBXFileReference section */
		0767B726CC242F07DB71CCE8 /* Pods-GraphQLClient-iOSTests.release.xcconfig */ = {isa = PBXFileReference; includeInIndex = 1; lastKnownFileType = text.xcconfig; name = "Pods-GraphQLClient-iOSTests.release.xcconfig"; path = "Pods/Target Support Files/Pods-GraphQLClient-iOSTests/Pods-GraphQLClient-iOSTests.release.xcconfig"; sourceTree = "<group>"; };
		12148A1C530CD993E4838F32 /* Pods-GraphQLClient-iOS.release.xcconfig */ = {isa = PBXFileReference; includeInIndex = 1; lastKnownFileType = text.xcconfig; name = "Pods-GraphQLClient-iOS.release.xcconfig"; path = "Pods/Target Support Files/Pods-GraphQLClient-iOS/Pods-GraphQLClient-iOS.release.xcconfig"; sourceTree = "<group>"; };
		239627B2891CC5896853DCAF /* Pods-GraphQLClient-iOSTests.debug.xcconfig */ = {isa = PBXFileReference; includeInIndex = 1; lastKnownFileType = text.xcconfig; name = "Pods-GraphQLClient-iOSTests.debug.xcconfig"; path = "Pods/Target Support Files/Pods-GraphQLClient-iOSTests/Pods-GraphQLClient-iOSTests.debug.xcconfig"; sourceTree = "<group>"; };
		38F93072845291370D00517E /* Pods-GraphQLClient-iOS.debug.xcconfig */ = {isa = PBXFileReference; includeInIndex = 1; lastKnownFileType = text.xcconfig; name = "Pods-GraphQLClient-iOS.debug.xcconfig"; path = "Pods/Target Support Files/Pods-GraphQLClient-iOS/Pods-GraphQLClient-iOS.debug.xcconfig"; sourceTree = "<group>"; };
		5274688722F4B5E709183362 /* Pods_GraphQLClient_iOS.framework */ = {isa = PBXFileReference; explicitFileType = wrapper.framework; includeInIndex = 0; path = Pods_GraphQLClient_iOS.framework; sourceTree = BUILT_PRODUCTS_DIR; };
		8435561E21CC2B74007A2DA2 /* README.md */ = {isa = PBXFileReference; lastKnownFileType = net.daringfireball.markdown; path = README.md; sourceTree = "<group>"; };
		8435562121CC33A6007A2DA2 /* generate-constants.sh */ = {isa = PBXFileReference; lastKnownFileType = text.script.sh; path = "generate-constants.sh"; sourceTree = "<group>"; };
		8435562721CC40A2007A2DA2 /* FontFamily.swift */ = {isa = PBXFileReference; fileEncoding = 4; lastKnownFileType = sourcecode.swift; path = FontFamily.swift; sourceTree = "<group>"; };
		8435562821CC40A2007A2DA2 /* Asset.swift */ = {isa = PBXFileReference; fileEncoding = 4; lastKnownFileType = sourcecode.swift; path = Asset.swift; sourceTree = "<group>"; };
		8435562921CC40A2007A2DA2 /* Scene.swift */ = {isa = PBXFileReference; fileEncoding = 4; lastKnownFileType = sourcecode.swift; path = Scene.swift; sourceTree = "<group>"; };
		8435562A21CC40A2007A2DA2 /* Segue.swift */ = {isa = PBXFileReference; fileEncoding = 4; lastKnownFileType = sourcecode.swift; path = Segue.swift; sourceTree = "<group>"; };
		8435E21A21CC243D00A73525 /* GraphQLClient-iOS.app */ = {isa = PBXFileReference; explicitFileType = wrapper.application; includeInIndex = 0; path = "GraphQLClient-iOS.app"; sourceTree = BUILT_PRODUCTS_DIR; };
		8435E21D21CC243D00A73525 /* AppDelegate.swift */ = {isa = PBXFileReference; lastKnownFileType = sourcecode.swift; path = AppDelegate.swift; sourceTree = "<group>"; };
		8435E22821CC244000A73525 /* Assets.xcassets */ = {isa = PBXFileReference; lastKnownFileType = folder.assetcatalog; path = Assets.xcassets; sourceTree = "<group>"; };
		8435E22B21CC244000A73525 /* Base */ = {isa = PBXFileReference; lastKnownFileType = file.storyboard; name = Base; path = Base.lproj/LaunchScreen.storyboard; sourceTree = "<group>"; };
		8435E22D21CC244000A73525 /* Info.plist */ = {isa = PBXFileReference; lastKnownFileType = text.plist.xml; path = Info.plist; sourceTree = "<group>"; };
		8435E23221CC244000A73525 /* GraphQLClient-iOSTests.xctest */ = {isa = PBXFileReference; explicitFileType = wrapper.cfbundle; includeInIndex = 0; path = "GraphQLClient-iOSTests.xctest"; sourceTree = BUILT_PRODUCTS_DIR; };
		8435E23621CC244000A73525 /* GraphQLClient_iOSTests.swift */ = {isa = PBXFileReference; lastKnownFileType = sourcecode.swift; path = GraphQLClient_iOSTests.swift; sourceTree = "<group>"; };
		8435E23821CC244000A73525 /* Info.plist */ = {isa = PBXFileReference; lastKnownFileType = text.plist.xml; path = Info.plist; sourceTree = "<group>"; };
		8435E24321CC265200A73525 /* HomeViewController.swift */ = {isa = PBXFileReference; lastKnownFileType = sourcecode.swift; path = HomeViewController.swift; sourceTree = "<group>"; };
		8435E24521CC266000A73525 /* SetViewController.swift */ = {isa = PBXFileReference; lastKnownFileType = sourcecode.swift; path = SetViewController.swift; sourceTree = "<group>"; };
		8435E24721CC269100A73525 /* HomeViewController.storyboard */ = {isa = PBXFileReference; lastKnownFileType = file.storyboard; path = HomeViewController.storyboard; sourceTree = "<group>"; };
		95E738D9354A9404EAEC1255 /* Pods_GraphQLClient_iOSTests.framework */ = {isa = PBXFileReference; explicitFileType = wrapper.framework; includeInIndex = 0; path = Pods_GraphQLClient_iOSTests.framework; sourceTree = BUILT_PRODUCTS_DIR; };
/* End PBXFileReference section */

/* Begin PBXFrameworksBuildPhase section */
		8435E21721CC243D00A73525 /* Frameworks */ = {
			isa = PBXFrameworksBuildPhase;
			buildActionMask = 2147483647;
			files = (
				2B764F1B23B88A91BB42BC11 /* Pods_GraphQLClient_iOS.framework in Frameworks */,
			);
			runOnlyForDeploymentPostprocessing = 0;
		};
		8435E22F21CC244000A73525 /* Frameworks */ = {
			isa = PBXFrameworksBuildPhase;
			buildActionMask = 2147483647;
			files = (
				EBD8FD4A90AA5094E59CB160 /* Pods_GraphQLClient_iOSTests.framework in Frameworks */,
			);
			runOnlyForDeploymentPostprocessing = 0;
		};
/* End PBXFrameworksBuildPhase section */

/* Begin PBXGroup section */
		8435562021CC33A6007A2DA2 /* Scripts */ = {
			isa = PBXGroup;
			children = (
				8435562321CC3C52007A2DA2 /* Build-Phase */,
			);
			path = Scripts;
			sourceTree = "<group>";
		};
		8435562221CC3BF8007A2DA2 /* Generated */ = {
			isa = PBXGroup;
			children = (
				8435562821CC40A2007A2DA2 /* Asset.swift */,
				8435562721CC40A2007A2DA2 /* FontFamily.swift */,
				8435562921CC40A2007A2DA2 /* Scene.swift */,
				8435562A21CC40A2007A2DA2 /* Segue.swift */,
			);
			path = Generated;
			sourceTree = "<group>";
		};
		8435562321CC3C52007A2DA2 /* Build-Phase */ = {
			isa = PBXGroup;
			children = (
				8435562121CC33A6007A2DA2 /* generate-constants.sh */,
			);
			path = "Build-Phase";
			sourceTree = "<group>";
		};
		8435562421CC3D63007A2DA2 /* Images */ = {
			isa = PBXGroup;
			children = (
				8435E22821CC244000A73525 /* Assets.xcassets */,
			);
			path = Images;
			sourceTree = "<group>";
		};
		8435562521CC3D77007A2DA2 /* Fonts */ = {
			isa = PBXGroup;
			children = (
			);
			path = Fonts;
			sourceTree = "<group>";
		};
		8435562621CC3D93007A2DA2 /* Views & Strings */ = {
			isa = PBXGroup;
			children = (
				8435E22A21CC244000A73525 /* LaunchScreen.storyboard */,
				8435E24721CC269100A73525 /* HomeViewController.storyboard */,
			);
			path = "Views & Strings";
			sourceTree = "<group>";
		};
		8435E21121CC243D00A73525 = {
			isa = PBXGroup;
			children = (
				8435561E21CC2B74007A2DA2 /* README.md */,
				8435E21C21CC243D00A73525 /* Sources */,
				8435E24121CC247400A73525 /* Resources */,
				8435E23521CC244000A73525 /* Tests */,
				8435562021CC33A6007A2DA2 /* Scripts */,
				8435E21B21CC243D00A73525 /* Products */,
				AF617326746B802EC9212B38 /* Pods */,
				B347971BBB01DE5D08487ABD /* Frameworks */,
			);
			sourceTree = "<group>";
		};
		8435E21B21CC243D00A73525 /* Products */ = {
			isa = PBXGroup;
			children = (
				8435E21A21CC243D00A73525 /* GraphQLClient-iOS.app */,
				8435E23221CC244000A73525 /* GraphQLClient-iOSTests.xctest */,
			);
			name = Products;
			sourceTree = "<group>";
		};
		8435E21C21CC243D00A73525 /* Sources */ = {
			isa = PBXGroup;
			children = (
				8435E21D21CC243D00A73525 /* AppDelegate.swift */,
				8435562221CC3BF8007A2DA2 /* Generated */,
				8435E24921CC285600A73525 /* View Controllers */,
			);
			path = Sources;
			sourceTree = "<group>";
		};
		8435E23521CC244000A73525 /* Tests */ = {
			isa = PBXGroup;
			children = (
				8435E23621CC244000A73525 /* GraphQLClient_iOSTests.swift */,
				8435E23821CC244000A73525 /* Info.plist */,
			);
			path = Tests;
			sourceTree = "<group>";
		};
		8435E24121CC247400A73525 /* Resources */ = {
			isa = PBXGroup;
			children = (
				8435562621CC3D93007A2DA2 /* Views & Strings */,
				8435562521CC3D77007A2DA2 /* Fonts */,
				8435562421CC3D63007A2DA2 /* Images */,
				8435E22D21CC244000A73525 /* Info.plist */,
			);
			path = Resources;
			sourceTree = "<group>";
		};
		8435E24921CC285600A73525 /* View Controllers */ = {
			isa = PBXGroup;
			children = (
				8435E24321CC265200A73525 /* HomeViewController.swift */,
				8435E24521CC266000A73525 /* SetViewController.swift */,
			);
			path = "View Controllers";
			sourceTree = "<group>";
		};
		AF617326746B802EC9212B38 /* Pods */ = {
			isa = PBXGroup;
			children = (
				38F93072845291370D00517E /* Pods-GraphQLClient-iOS.debug.xcconfig */,
				12148A1C530CD993E4838F32 /* Pods-GraphQLClient-iOS.release.xcconfig */,
				239627B2891CC5896853DCAF /* Pods-GraphQLClient-iOSTests.debug.xcconfig */,
				0767B726CC242F07DB71CCE8 /* Pods-GraphQLClient-iOSTests.release.xcconfig */,
			);
			name = Pods;
			sourceTree = "<group>";
		};
		B347971BBB01DE5D08487ABD /* Frameworks */ = {
			isa = PBXGroup;
			children = (
				5274688722F4B5E709183362 /* Pods_GraphQLClient_iOS.framework */,
				95E738D9354A9404EAEC1255 /* Pods_GraphQLClient_iOSTests.framework */,
			);
			name = Frameworks;
			sourceTree = "<group>";
		};
/* End PBXGroup section */

/* Begin PBXNativeTarget section */
		8435E21921CC243D00A73525 /* GraphQLClient-iOS */ = {
			isa = PBXNativeTarget;
			buildConfigurationList = 8435E23B21CC244000A73525 /* Build configuration list for PBXNativeTarget "GraphQLClient-iOS" */;
			buildPhases = (
				1F0352BEB23E48438B8CD88A /* [CP] Check Pods Manifest.lock */,
				A19C2D6ADE9A362F924EF9D5 /* [CP-User] Generate Constants */,
				8435E21621CC243D00A73525 /* Sources */,
				8435E21721CC243D00A73525 /* Frameworks */,
				8435E21821CC243D00A73525 /* Resources */,
				4C1D544BDDC29AB23B195FC2 /* [CP] Embed Pods Frameworks */,
			);
			buildRules = (
			);
			dependencies = (
			);
			name = "GraphQLClient-iOS";
			productName = "GraphQLClient-iOS";
			productReference = 8435E21A21CC243D00A73525 /* GraphQLClient-iOS.app */;
			productType = "com.apple.product-type.application";
		};
		8435E23121CC244000A73525 /* GraphQLClient-iOSTests */ = {
			isa = PBXNativeTarget;
			buildConfigurationList = 8435E23E21CC244000A73525 /* Build configuration list for PBXNativeTarget "GraphQLClient-iOSTests" */;
			buildPhases = (
				0C3022263702F3B38E4C83FF /* [CP] Check Pods Manifest.lock */,
				8435E22E21CC244000A73525 /* Sources */,
				8435E22F21CC244000A73525 /* Frameworks */,
				8435E23021CC244000A73525 /* Resources */,
				1F9EE617BC55E9C67875184B /* [CP] Embed Pods Frameworks */,
			);
			buildRules = (
			);
			dependencies = (
				8435E23421CC244000A73525 /* PBXTargetDependency */,
			);
			name = "GraphQLClient-iOSTests";
			productName = "GraphQLClient-iOSTests";
			productReference = 8435E23221CC244000A73525 /* GraphQLClient-iOSTests.xctest */;
			productType = "com.apple.product-type.bundle.unit-test";
		};
/* End PBXNativeTarget section */

/* Begin PBXProject section */
		8435E21221CC243D00A73525 /* Project object */ = {
			isa = PBXProject;
			attributes = {
				LastSwiftUpdateCheck = 1000;
				LastUpgradeCheck = 1000;
				ORGANIZATIONNAME = Clifton;
				TargetAttributes = {
					8435E21921CC243D00A73525 = {
						CreatedOnToolsVersion = 10.0;
						SystemCapabilities = {
							com.apple.Wallet = {
								enabled = 0;
							};
						};
					};
					8435E23121CC244000A73525 = {
						CreatedOnToolsVersion = 10.0;
						TestTargetID = 8435E21921CC243D00A73525;
					};
				};
			};
			buildConfigurationList = 8435E21521CC243D00A73525 /* Build configuration list for PBXProject "GraphQLClient-iOS" */;
			compatibilityVersion = "Xcode 9.3";
			developmentRegion = en;
			hasScannedForEncodings = 0;
			knownRegions = (
				en,
				Base,
			);
			mainGroup = 8435E21121CC243D00A73525;
			productRefGroup = 8435E21B21CC243D00A73525 /* Products */;
			projectDirPath = "";
			projectRoot = "";
			targets = (
				8435E21921CC243D00A73525 /* GraphQLClient-iOS */,
				8435E23121CC244000A73525 /* GraphQLClient-iOSTests */,
			);
		};
/* End PBXProject section */

/* Begin PBXResourcesBuildPhase section */
		8435E21821CC243D00A73525 /* Resources */ = {
			isa = PBXResourcesBuildPhase;
			buildActionMask = 2147483647;
			files = (
				8435E22C21CC244000A73525 /* LaunchScreen.storyboard in Resources */,
				8435E22921CC244000A73525 /* Assets.xcassets in Resources */,
				8435E24821CC269100A73525 /* HomeViewController.storyboard in Resources */,
			);
			runOnlyForDeploymentPostprocessing = 0;
		};
		8435E23021CC244000A73525 /* Resources */ = {
			isa = PBXResourcesBuildPhase;
			buildActionMask = 2147483647;
			files = (
			);
			runOnlyForDeploymentPostprocessing = 0;
		};
/* End PBXResourcesBuildPhase section */

/* Begin PBXShellScriptBuildPhase section */
		0C3022263702F3B38E4C83FF /* [CP] Check Pods Manifest.lock */ = {
			isa = PBXShellScriptBuildPhase;
			buildActionMask = 2147483647;
			files = (
			);
			inputPaths = (
				"${PODS_PODFILE_DIR_PATH}/Podfile.lock",
				"${PODS_ROOT}/Manifest.lock",
			);
			name = "[CP] Check Pods Manifest.lock";
			outputPaths = (
				"$(DERIVED_FILE_DIR)/Pods-GraphQLClient-iOSTests-checkManifestLockResult.txt",
			);
			runOnlyForDeploymentPostprocessing = 0;
			shellPath = /bin/sh;
			shellScript = "diff \"${PODS_PODFILE_DIR_PATH}/Podfile.lock\" \"${PODS_ROOT}/Manifest.lock\" > /dev/null\nif [ $? != 0 ] ; then\n    # print error to STDERR\n    echo \"error: The sandbox is not in sync with the Podfile.lock. Run 'pod install' or update your CocoaPods installation.\" >&2\n    exit 1\nfi\n# This output is used by Xcode 'outputs' to avoid re-running this script phase.\necho \"SUCCESS\" > \"${SCRIPT_OUTPUT_FILE_0}\"\n";
			showEnvVarsInLog = 0;
		};
		1F0352BEB23E48438B8CD88A /* [CP] Check Pods Manifest.lock */ = {
			isa = PBXShellScriptBuildPhase;
			buildActionMask = 2147483647;
			files = (
			);
			inputPaths = (
				"${PODS_PODFILE_DIR_PATH}/Podfile.lock",
				"${PODS_ROOT}/Manifest.lock",
			);
			name = "[CP] Check Pods Manifest.lock";
			outputPaths = (
				"$(DERIVED_FILE_DIR)/Pods-GraphQLClient-iOS-checkManifestLockResult.txt",
			);
			runOnlyForDeploymentPostprocessing = 0;
			shellPath = /bin/sh;
			shellScript = "diff \"${PODS_PODFILE_DIR_PATH}/Podfile.lock\" \"${PODS_ROOT}/Manifest.lock\" > /dev/null\nif [ $? != 0 ] ; then\n    # print error to STDERR\n    echo \"error: The sandbox is not in sync with the Podfile.lock. Run 'pod install' or update your CocoaPods installation.\" >&2\n    exit 1\nfi\n# This output is used by Xcode 'outputs' to avoid re-running this script phase.\necho \"SUCCESS\" > \"${SCRIPT_OUTPUT_FILE_0}\"\n";
			showEnvVarsInLog = 0;
		};
		1F9EE617BC55E9C67875184B /* [CP] Embed Pods Frameworks */ = {
			isa = PBXShellScriptBuildPhase;
			buildActionMask = 2147483647;
			files = (
			);
			inputPaths = (
				"${SRCROOT}/Pods/Target Support Files/Pods-GraphQLClient-iOSTests/Pods-GraphQLClient-iOSTests-frameworks.sh",
				"${BUILT_PRODUCTS_DIR}/RxAtomic/RxAtomic.framework",
				"${BUILT_PRODUCTS_DIR}/RxSwift/RxSwift.framework",
				"${BUILT_PRODUCTS_DIR}/RxBlocking/RxBlocking.framework",
				"${BUILT_PRODUCTS_DIR}/RxTest/RxTest.framework",
			);
			name = "[CP] Embed Pods Frameworks";
			outputPaths = (
				"${TARGET_BUILD_DIR}/${FRAMEWORKS_FOLDER_PATH}/RxAtomic.framework",
				"${TARGET_BUILD_DIR}/${FRAMEWORKS_FOLDER_PATH}/RxSwift.framework",
				"${TARGET_BUILD_DIR}/${FRAMEWORKS_FOLDER_PATH}/RxBlocking.framework",
				"${TARGET_BUILD_DIR}/${FRAMEWORKS_FOLDER_PATH}/RxTest.framework",
			);
			runOnlyForDeploymentPostprocessing = 0;
			shellPath = /bin/sh;
			shellScript = "\"${SRCROOT}/Pods/Target Support Files/Pods-GraphQLClient-iOSTests/Pods-GraphQLClient-iOSTests-frameworks.sh\"\n";
			showEnvVarsInLog = 0;
		};
		4C1D544BDDC29AB23B195FC2 /* [CP] Embed Pods Frameworks */ = {
			isa = PBXShellScriptBuildPhase;
			buildActionMask = 2147483647;
			files = (
			);
			inputPaths = (
				"${SRCROOT}/Pods/Target Support Files/Pods-GraphQLClient-iOS/Pods-GraphQLClient-iOS-frameworks.sh",
				"${BUILT_PRODUCTS_DIR}/RxAtomic/RxAtomic.framework",
				"${BUILT_PRODUCTS_DIR}/RxCocoa/RxCocoa.framework",
				"${BUILT_PRODUCTS_DIR}/RxSwift/RxSwift.framework",
				"${BUILT_PRODUCTS_DIR}/SVProgressHUD/SVProgressHUD.framework",
			);
			name = "[CP] Embed Pods Frameworks";
			outputPaths = (
				"${TARGET_BUILD_DIR}/${FRAMEWORKS_FOLDER_PATH}/RxAtomic.framework",
				"${TARGET_BUILD_DIR}/${FRAMEWORKS_FOLDER_PATH}/RxCocoa.framework",
				"${TARGET_BUILD_DIR}/${FRAMEWORKS_FOLDER_PATH}/RxSwift.framework",
				"${TARGET_BUILD_DIR}/${FRAMEWORKS_FOLDER_PATH}/SVProgressHUD.framework",
			);
			runOnlyForDeploymentPostprocessing = 0;
			shellPath = /bin/sh;
			shellScript = "\"${SRCROOT}/Pods/Target Support Files/Pods-GraphQLClient-iOS/Pods-GraphQLClient-iOS-frameworks.sh\"\n";
			showEnvVarsInLog = 0;
		};
		A19C2D6ADE9A362F924EF9D5 /* [CP-User] Generate Constants */ = {
			isa = PBXShellScriptBuildPhase;
			buildActionMask = 2147483647;
			files = (
			);
			inputPaths = (
			);
			name = "[CP-User] Generate Constants";
			outputPaths = (
			);
			runOnlyForDeploymentPostprocessing = 0;
			shellPath = /bin/sh;
			shellScript = "${PROJECT_DIR}/Scripts/Build-Phase/generate-constants.sh\n";
			showEnvVarsInLog = 0;
		};
/* End PBXShellScriptBuildPhase section */

/* Begin PBXSourcesBuildPhase section */
		8435E21621CC243D00A73525 /* Sources */ = {
			isa = PBXSourcesBuildPhase;
			buildActionMask = 2147483647;
			files = (
				8435562B21CC40A2007A2DA2 /* FontFamily.swift in Sources */,
				8435E24A21CC28EB00A73525 /* HomeViewController.swift in Sources */,
				8435562D21CC40A2007A2DA2 /* Scene.swift in Sources */,
				8435562C21CC40A2007A2DA2 /* Asset.swift in Sources */,
				8435E24B21CC28EB00A73525 /* SetViewController.swift in Sources */,
				8435562E21CC40A2007A2DA2 /* Segue.swift in Sources */,
				8435E21E21CC243D00A73525 /* AppDelegate.swift in Sources */,
			);
			runOnlyForDeploymentPostprocessing = 0;
		};
		8435E22E21CC244000A73525 /* Sources */ = {
			isa = PBXSourcesBuildPhase;
			buildActionMask = 2147483647;
			files = (
				8435E23721CC244000A73525 /* GraphQLClient_iOSTests.swift in Sources */,
			);
			runOnlyForDeploymentPostprocessing = 0;
		};
/* End PBXSourcesBuildPhase section */

/* Begin PBXTargetDependency section */
		8435E23421CC244000A73525 /* PBXTargetDependency */ = {
			isa = PBXTargetDependency;
			target = 8435E21921CC243D00A73525 /* GraphQLClient-iOS */;
			targetProxy = 8435E23321CC244000A73525 /* PBXContainerItemProxy */;
		};
/* End PBXTargetDependency section */

/* Begin PBXVariantGroup section */
		8435E22A21CC244000A73525 /* LaunchScreen.storyboard */ = {
			isa = PBXVariantGroup;
			children = (
				8435E22B21CC244000A73525 /* Base */,
			);
			name = LaunchScreen.storyboard;
			sourceTree = "<group>";
		};
/* End PBXVariantGroup section */

/* Begin XCBuildConfiguration section */
		8435E23921CC244000A73525 /* Debug */ = {
			isa = XCBuildConfiguration;
			buildSettings = {
				ALWAYS_SEARCH_USER_PATHS = NO;
				CLANG_ANALYZER_NONNULL = YES;
				CLANG_ANALYZER_NUMBER_OBJECT_CONVERSION = YES_AGGRESSIVE;
				CLANG_CXX_LANGUAGE_STANDARD = "gnu++14";
				CLANG_CXX_LIBRARY = "libc++";
				CLANG_ENABLE_MODULES = YES;
				CLANG_ENABLE_OBJC_ARC = YES;
				CLANG_ENABLE_OBJC_WEAK = YES;
				CLANG_WARN_BLOCK_CAPTURE_AUTORELEASING = YES;
				CLANG_WARN_BOOL_CONVERSION = YES;
				CLANG_WARN_COMMA = YES;
				CLANG_WARN_CONSTANT_CONVERSION = YES;
				CLANG_WARN_DEPRECATED_OBJC_IMPLEMENTATIONS = YES;
				CLANG_WARN_DIRECT_OBJC_ISA_USAGE = YES_ERROR;
				CLANG_WARN_DOCUMENTATION_COMMENTS = YES;
				CLANG_WARN_EMPTY_BODY = YES;
				CLANG_WARN_ENUM_CONVERSION = YES;
				CLANG_WARN_INFINITE_RECURSION = YES;
				CLANG_WARN_INT_CONVERSION = YES;
				CLANG_WARN_NON_LITERAL_NULL_CONVERSION = YES;
				CLANG_WARN_OBJC_IMPLICIT_RETAIN_SELF = YES;
				CLANG_WARN_OBJC_LITERAL_CONVERSION = YES;
				CLANG_WARN_OBJC_ROOT_CLASS = YES_ERROR;
				CLANG_WARN_RANGE_LOOP_ANALYSIS = YES;
				CLANG_WARN_STRICT_PROTOTYPES = YES;
				CLANG_WARN_SUSPICIOUS_MOVE = YES;
				CLANG_WARN_UNGUARDED_AVAILABILITY = YES_AGGRESSIVE;
				CLANG_WARN_UNREACHABLE_CODE = YES;
				CLANG_WARN__DUPLICATE_METHOD_MATCH = YES;
				CODE_SIGN_IDENTITY = "iPhone Developer";
				COPY_PHASE_STRIP = NO;
				DEBUG_INFORMATION_FORMAT = dwarf;
				ENABLE_STRICT_OBJC_MSGSEND = YES;
				ENABLE_TESTABILITY = YES;
				GCC_C_LANGUAGE_STANDARD = gnu11;
				GCC_DYNAMIC_NO_PIC = NO;
				GCC_NO_COMMON_BLOCKS = YES;
				GCC_OPTIMIZATION_LEVEL = 0;
				GCC_PREPROCESSOR_DEFINITIONS = (
					"DEBUG=1",
					"$(inherited)",
				);
				GCC_WARN_64_TO_32_BIT_CONVERSION = YES;
				GCC_WARN_ABOUT_RETURN_TYPE = YES_ERROR;
				GCC_WARN_UNDECLARED_SELECTOR = YES;
				GCC_WARN_UNINITIALIZED_AUTOS = YES_AGGRESSIVE;
				GCC_WARN_UNUSED_FUNCTION = YES;
				GCC_WARN_UNUSED_VARIABLE = YES;
				IPHONEOS_DEPLOYMENT_TARGET = 12.0;
				MTL_ENABLE_DEBUG_INFO = INCLUDE_SOURCE;
				MTL_FAST_MATH = YES;
				ONLY_ACTIVE_ARCH = YES;
				SDKROOT = iphoneos;
				SWIFT_ACTIVE_COMPILATION_CONDITIONS = DEBUG;
				SWIFT_OPTIMIZATION_LEVEL = "-Onone";
			};
			name = Debug;
		};
		8435E23A21CC244000A73525 /* Release */ = {
			isa = XCBuildConfiguration;
			buildSettings = {
				ALWAYS_SEARCH_USER_PATHS = NO;
				CLANG_ANALYZER_NONNULL = YES;
				CLANG_ANALYZER_NUMBER_OBJECT_CONVERSION = YES_AGGRESSIVE;
				CLANG_CXX_LANGUAGE_STANDARD = "gnu++14";
				CLANG_CXX_LIBRARY = "libc++";
				CLANG_ENABLE_MODULES = YES;
				CLANG_ENABLE_OBJC_ARC = YES;
				CLANG_ENABLE_OBJC_WEAK = YES;
				CLANG_WARN_BLOCK_CAPTURE_AUTORELEASING = YES;
				CLANG_WARN_BOOL_CONVERSION = YES;
				CLANG_WARN_COMMA = YES;
				CLANG_WARN_CONSTANT_CONVERSION = YES;
				CLANG_WARN_DEPRECATED_OBJC_IMPLEMENTATIONS = YES;
				CLANG_WARN_DIRECT_OBJC_ISA_USAGE = YES_ERROR;
				CLANG_WARN_DOCUMENTATION_COMMENTS = YES;
				CLANG_WARN_EMPTY_BODY = YES;
				CLANG_WARN_ENUM_CONVERSION = YES;
				CLANG_WARN_INFINITE_RECURSION = YES;
				CLANG_WARN_INT_CONVERSION = YES;
				CLANG_WARN_NON_LITERAL_NULL_CONVERSION = YES;
				CLANG_WARN_OBJC_IMPLICIT_RETAIN_SELF = YES;
				CLANG_WARN_OBJC_LITERAL_CONVERSION = YES;
				CLANG_WARN_OBJC_ROOT_CLASS = YES_ERROR;
				CLANG_WARN_RANGE_LOOP_ANALYSIS = YES;
				CLANG_WARN_STRICT_PROTOTYPES = YES;
				CLANG_WARN_SUSPICIOUS_MOVE = YES;
				CLANG_WARN_UNGUARDED_AVAILABILITY = YES_AGGRESSIVE;
				CLANG_WARN_UNREACHABLE_CODE = YES;
				CLANG_WARN__DUPLICATE_METHOD_MATCH = YES;
				CODE_SIGN_IDENTITY = "iPhone Developer";
				COPY_PHASE_STRIP = NO;
				DEBUG_INFORMATION_FORMAT = "dwarf-with-dsym";
				ENABLE_NS_ASSERTIONS = NO;
				ENABLE_STRICT_OBJC_MSGSEND = YES;
				GCC_C_LANGUAGE_STANDARD = gnu11;
				GCC_NO_COMMON_BLOCKS = YES;
				GCC_WARN_64_TO_32_BIT_CONVERSION = YES;
				GCC_WARN_ABOUT_RETURN_TYPE = YES_ERROR;
				GCC_WARN_UNDECLARED_SELECTOR = YES;
				GCC_WARN_UNINITIALIZED_AUTOS = YES_AGGRESSIVE;
				GCC_WARN_UNUSED_FUNCTION = YES;
				GCC_WARN_UNUSED_VARIABLE = YES;
				IPHONEOS_DEPLOYMENT_TARGET = 12.0;
				MTL_ENABLE_DEBUG_INFO = NO;
				MTL_FAST_MATH = YES;
				SDKROOT = iphoneos;
				SWIFT_COMPILATION_MODE = wholemodule;
				SWIFT_OPTIMIZATION_LEVEL = "-O";
				VALIDATE_PRODUCT = YES;
			};
			name = Release;
		};
		8435E23C21CC244000A73525 /* Debug */ = {
			isa = XCBuildConfiguration;
			baseConfigurationReference = 38F93072845291370D00517E /* Pods-GraphQLClient-iOS.debug.xcconfig */;
			buildSettings = {
				ASSETCATALOG_COMPILER_APPICON_NAME = AppIcon;
				CODE_SIGN_STYLE = Automatic;
				INFOPLIST_FILE = "$(SRCROOT)/Resources/Info.plist";
				LD_RUNPATH_SEARCH_PATHS = (
					"$(inherited)",
					"@executable_path/Frameworks",
				);
				PRODUCT_BUNDLE_IDENTIFIER = "Clifton.GraphQLClient-iOS";
				PRODUCT_NAME = "$(TARGET_NAME)";
				SWIFT_VERSION = 4.2;
				TARGETED_DEVICE_FAMILY = "1,2";
			};
			name = Debug;
		};
		8435E23D21CC244000A73525 /* Release */ = {
			isa = XCBuildConfiguration;
			baseConfigurationReference = 12148A1C530CD993E4838F32 /* Pods-GraphQLClient-iOS.release.xcconfig */;
			buildSettings = {
				ASSETCATALOG_COMPILER_APPICON_NAME = AppIcon;
				CODE_SIGN_STYLE = Automatic;
				INFOPLIST_FILE = "$(SRCROOT)/Resources/Info.plist";
				LD_RUNPATH_SEARCH_PATHS = (
					"$(inherited)",
					"@executable_path/Frameworks",
				);
				PRODUCT_BUNDLE_IDENTIFIER = "Clifton.GraphQLClient-iOS";
				PRODUCT_NAME = "$(TARGET_NAME)";
				SWIFT_VERSION = 4.2;
				TARGETED_DEVICE_FAMILY = "1,2";
			};
			name = Release;
		};
		8435E23F21CC244000A73525 /* Debug */ = {
			isa = XCBuildConfiguration;
			baseConfigurationReference = 239627B2891CC5896853DCAF /* Pods-GraphQLClient-iOSTests.debug.xcconfig */;
			buildSettings = {
				ALWAYS_EMBED_SWIFT_STANDARD_LIBRARIES = YES;
				BUNDLE_LOADER = "$(TEST_HOST)";
				CODE_SIGN_STYLE = Automatic;
				INFOPLIST_FILE = "GraphQLClient-iOSTests/Info.plist";
				LD_RUNPATH_SEARCH_PATHS = (
					"$(inherited)",
					"@executable_path/Frameworks",
					"@loader_path/Frameworks",
				);
				PRODUCT_BUNDLE_IDENTIFIER = "Clifton.GraphQLClient-iOSTests";
				PRODUCT_NAME = "$(TARGET_NAME)";
				SWIFT_VERSION = 4.2;
				TARGETED_DEVICE_FAMILY = "1,2";
				TEST_HOST = "$(BUILT_PRODUCTS_DIR)/GraphQLClient-iOS.app/GraphQLClient-iOS";
			};
			name = Debug;
		};
		8435E24021CC244000A73525 /* Release */ = {
			isa = XCBuildConfiguration;
			baseConfigurationReference = 0767B726CC242F07DB71CCE8 /* Pods-GraphQLClient-iOSTests.release.xcconfig */;
			buildSettings = {
				ALWAYS_EMBED_SWIFT_STANDARD_LIBRARIES = YES;
				BUNDLE_LOADER = "$(TEST_HOST)";
				CODE_SIGN_STYLE = Automatic;
				INFOPLIST_FILE = "GraphQLClient-iOSTests/Info.plist";
				LD_RUNPATH_SEARCH_PATHS = (
					"$(inherited)",
					"@executable_path/Frameworks",
					"@loader_path/Frameworks",
				);
				PRODUCT_BUNDLE_IDENTIFIER = "Clifton.GraphQLClient-iOSTests";
				PRODUCT_NAME = "$(TARGET_NAME)";
				SWIFT_VERSION = 4.2;
				TARGETED_DEVICE_FAMILY = "1,2";
				TEST_HOST = "$(BUILT_PRODUCTS_DIR)/GraphQLClient-iOS.app/GraphQLClient-iOS";
			};
			name = Release;
		};
/* End XCBuildConfiguration section */

/* Begin XCConfigurationList section */
		8435E21521CC243D00A73525 /* Build configuration list for PBXProject "GraphQLClient-iOS" */ = {
			isa = XCConfigurationList;
			buildConfigurations = (
				8435E23921CC244000A73525 /* Debug */,
				8435E23A21CC244000A73525 /* Release */,
			);
			defaultConfigurationIsVisible = 0;
			defaultConfigurationName = Release;
		};
		8435E23B21CC244000A73525 /* Build configuration list for PBXNativeTarget "GraphQLClient-iOS" */ = {
			isa = XCConfigurationList;
			buildConfigurations = (
				8435E23C21CC244000A73525 /* Debug */,
				8435E23D21CC244000A73525 /* Release */,
			);
			defaultConfigurationIsVisible = 0;
			defaultConfigurationName = Release;
		};
		8435E23E21CC244000A73525 /* Build configuration list for PBXNativeTarget "GraphQLClient-iOSTests" */ = {
			isa = XCConfigurationList;
			buildConfigurations = (
				8435E23F21CC244000A73525 /* Debug */,
				8435E24021CC244000A73525 /* Release */,
			);
			defaultConfigurationIsVisible = 0;
			defaultConfigurationName = Release;
		};
/* End XCConfigurationList section */
	};
	rootObject = 8435E21221CC243D00A73525 /* Project object */;
}
